
Microsoft Visual Studio Solution File, Format Version 12.00
# Visual Studio Version 17
VisualStudioVersion = 17.6.33815.320
MinimumVisualStudioVersion = 10.0.40219.1
Project("{FAE04EC0-301F-11D3-BF4B-00C04F79EFBC}") = "linklist-interface", "linklist-interface\linklist-interface.csproj", "{4810DF8B-F991-4D83-8E35-B837B835E03E}"
EndProject
Project("{FAE04EC0-301F-11D3-BF4B-00C04F79EFBC}") = "linkedlist-tests", "linkedlist-tests\linkedlist-tests.csproj", "{1FA46514-0866-4E14-B944-91F24730655E}"
EndProject
Global
	GlobalSection(SolutionConfigurationPlatforms) = preSolution
		Debug|Any CPU = Debug|Any CPU
		Release|Any CPU = Release|Any CPU
	EndGlobalSection
	GlobalSection(ProjectConfigurationPlatforms) = postSolution
		{4810DF8B-F991-4D83-8E35-B837B835E03E}.Debug|Any CPU.ActiveCfg = Debug|Any CPU
		{4810DF8B-F991-4D83-8E35-B837B835E03E}.Debug|Any CPU.Build.0 = Debug|Any CPU
		{4810DF8B-F991-4D83-8E35-B837B835E03E}.Release|Any CPU.ActiveCfg = Release|Any CPU
		{4810DF8B-F991-4D83-8E35-B837B835E03E}.Release|Any CPU.Build.0 = Release|Any CPU
		{1FA46514-0866-4E14-B944-91F24730655E}.Debug|Any CPU.ActiveCfg = Debug|Any CPU
		{1FA46514-0866-4E14-B944-91F24730655E}.Debug|Any CPU.Build.0 = Debug|Any CPU
		{1FA46514-0866-4E14-B944-91F24730655E}.Release|Any CPU.ActiveCfg = Release|Any CPU
		{1FA46514-0866-4E14-B944-91F24730655E}.Release|Any CPU.Build.0 = Release|Any CPU
	EndGlobalSection
	GlobalSection(SolutionProperties) = preSolution
		HideSolutionNode = FALSE
	EndGlobalSection
	GlobalSection(ExtensibilityGlobals) = postSolution
		SolutionGuid = {DE3DBBF1-B3B0-4146-912A-AD2BA9A39193}
	EndGlobalSection
EndGlobal
